// !$*UTF8*$!
{
	archiveVersion = 1;
	classes = {
	};
	objectVersion = 50;
	objects = {

/* Begin PBXBuildFile section */
		1FCCC0F42319971E0026F33E /* AuthorCommitsTableViewController.swift in Sources */ = {isa = PBXBuildFile; fileRef = 1FCCC0F32319971E0026F33E /* AuthorCommitsTableViewController.swift */; };
		1FF348982318337600DFB755 /* AppDelegate.swift in Sources */ = {isa = PBXBuildFile; fileRef = 1FF348972318337600DFB755 /* AppDelegate.swift */; };
		1FF3489A2318337600DFB755 /* ViewController.swift in Sources */ = {isa = PBXBuildFile; fileRef = 1FF348992318337600DFB755 /* ViewController.swift */; };
		1FF3489D2318337600DFB755 /* Main.storyboard in Resources */ = {isa = PBXBuildFile; fileRef = 1FF3489B2318337600DFB755 /* Main.storyboard */; };
		1FF3489F2318337700DFB755 /* Assets.xcassets in Resources */ = {isa = PBXBuildFile; fileRef = 1FF3489E2318337700DFB755 /* Assets.xcassets */; };
		1FF348A22318337700DFB755 /* LaunchScreen.storyboard in Resources */ = {isa = PBXBuildFile; fileRef = 1FF348A02318337700DFB755 /* LaunchScreen.storyboard */; };
		1FF348AA231833FB00DFB755 /* SwiftyJSON.swift in Sources */ = {isa = PBXBuildFile; fileRef = 1FF348A9231833FB00DFB755 /* SwiftyJSON.swift */; };
		1FF348AC2318359000DFB755 /* DetailViewController.swift in Sources */ = {isa = PBXBuildFile; fileRef = 1FF348AB2318359000DFB755 /* DetailViewController.swift */; };
		1FF348AF231837B900DFB755 /* Project38.xcdatamodeld in Sources */ = {isa = PBXBuildFile; fileRef = 1FF348AD231837B900DFB755 /* Project38.xcdatamodeld */; };
		1FFEEB4323192DB500A38861 /* Author+CoreDataClass.swift in Sources */ = {isa = PBXBuildFile; fileRef = 1FFEEB3F23192DB500A38861 /* Author+CoreDataClass.swift */; };
		1FFEEB4423192DB500A38861 /* Author+CoreDataProperties.swift in Sources */ = {isa = PBXBuildFile; fileRef = 1FFEEB4023192DB500A38861 /* Author+CoreDataProperties.swift */; };
		1FFEEB4523192DB500A38861 /* Commit+CoreDataClass.swift in Sources */ = {isa = PBXBuildFile; fileRef = 1FFEEB4123192DB500A38861 /* Commit+CoreDataClass.swift */; };
		1FFEEB4623192DB500A38861 /* Commit+CoreDataProperties.swift in Sources */ = {isa = PBXBuildFile; fileRef = 1FFEEB4223192DB500A38861 /* Commit+CoreDataProperties.swift */; };
/* End PBXBuildFile section */

/* Begin PBXFileReference section */
		1FCCC0F32319971E0026F33E /* AuthorCommitsTableViewController.swift */ = {isa = PBXFileReference; lastKnownFileType = sourcecode.swift; path = AuthorCommitsTableViewController.swift; sourceTree = "<group>"; };
		1FF348942318337600DFB755 /* GitHubCommits.app */ = {isa = PBXFileReference; explicitFileType = wrapper.application; includeInIndex = 0; path = GitHubCommits.app; sourceTree = BUILT_PRODUCTS_DIR; };
		1FF348972318337600DFB755 /* AppDelegate.swift */ = {isa = PBXFileReference; lastKnownFileType = sourcecode.swift; path = AppDelegate.swift; sourceTree = "<group>"; };
		1FF348992318337600DFB755 /* ViewController.swift */ = {isa = PBXFileReference; lastKnownFileType = sourcecode.swift; path = ViewController.swift; sourceTree = "<group>"; };
		1FF3489C2318337600DFB755 /* Base */ = {isa = PBXFileReference; lastKnownFileType = file.storyboard; name = Base; path = Base.lproj/Main.storyboard; sourceTree = "<group>"; };
		1FF3489E2318337700DFB755 /* Assets.xcassets */ = {isa = PBXFileReference; lastKnownFileType = folder.assetcatalog; path = Assets.xcassets; sourceTree = "<group>"; };
		1FF348A12318337700DFB755 /* Base */ = {isa = PBXFileReference; lastKnownFileType = file.storyboard; name = Base; path = Base.lproj/LaunchScreen.storyboard; sourceTree = "<group>"; };
		1FF348A32318337700DFB755 /* Info.plist */ = {isa = PBXFileReference; lastKnownFileType = text.plist.xml; path = Info.plist; sourceTree = "<group>"; };
		1FF348A9231833FB00DFB755 /* SwiftyJSON.swift */ = {isa = PBXFileReference; fileEncoding = 4; lastKnownFileType = sourcecode.swift; path = SwiftyJSON.swift; sourceTree = "<group>"; };
		1FF348AB2318359000DFB755 /* DetailViewController.swift */ = {isa = PBXFileReference; lastKnownFileType = sourcecode.swift; path = DetailViewController.swift; sourceTree = "<group>"; };
		1FF348AE231837B900DFB755 /* Project38.xcdatamodel */ = {isa = PBXFileReference; lastKnownFileType = wrapper.xcdatamodel; path = Project38.xcdatamodel; sourceTree = "<group>"; };
		1FFEEB3F23192DB500A38861 /* Author+CoreDataClass.swift */ = {isa = PBXFileReference; lastKnownFileType = sourcecode.swift; path = "Author+CoreDataClass.swift"; sourceTree = "<group>"; };
		1FFEEB4023192DB500A38861 /* Author+CoreDataProperties.swift */ = {isa = PBXFileReference; lastKnownFileType = sourcecode.swift; path = "Author+CoreDataProperties.swift"; sourceTree = "<group>"; };
		1FFEEB4123192DB500A38861 /* Commit+CoreDataClass.swift */ = {isa = PBXFileReference; lastKnownFileType = sourcecode.swift; path = "Commit+CoreDataClass.swift"; sourceTree = "<group>"; };
		1FFEEB4223192DB500A38861 /* Commit+CoreDataProperties.swift */ = {isa = PBXFileReference; lastKnownFileType = sourcecode.swift; path = "Commit+CoreDataProperties.swift"; sourceTree = "<group>"; };
/* End PBXFileReference section */

/* Begin PBXFrameworksBuildPhase section */
		1FF348912318337600DFB755 /* Frameworks */ = {
			isa = PBXFrameworksBuildPhase;
			buildActionMask = 2147483647;
			files = (
			);
			runOnlyForDeploymentPostprocessing = 0;
		};
/* End PBXFrameworksBuildPhase section */

/* Begin PBXGroup section */
		1FF3488B2318337600DFB755 = {
			isa = PBXGroup;
			children = (
				1FF348962318337600DFB755 /* GitHubCommits */,
				1FF348952318337600DFB755 /* Products */,
			);
			sourceTree = "<group>";
		};
		1FF348952318337600DFB755 /* Products */ = {
			isa = PBXGroup;
			children = (
				1FF348942318337600DFB755 /* GitHubCommits.app */,
			);
			name = Products;
			sourceTree = "<group>";
		};
		1FF348962318337600DFB755 /* GitHubCommits */ = {
			isa = PBXGroup;
			children = (
				1FFEEB3F23192DB500A38861 /* Author+CoreDataClass.swift */,
				1FFEEB4023192DB500A38861 /* Author+CoreDataProperties.swift */,
				1FFEEB4123192DB500A38861 /* Commit+CoreDataClass.swift */,
				1FFEEB4223192DB500A38861 /* Commit+CoreDataProperties.swift */,
				1FF348972318337600DFB755 /* AppDelegate.swift */,
				1FF348A9231833FB00DFB755 /* SwiftyJSON.swift */,
				1FF348992318337600DFB755 /* ViewController.swift */,
				1FF348AB2318359000DFB755 /* DetailViewController.swift */,
				1FCCC0F32319971E0026F33E /* AuthorCommitsTableViewController.swift */,
				1FF3489B2318337600DFB755 /* Main.storyboard */,
				1FF3489E2318337700DFB755 /* Assets.xcassets */,
				1FF348A02318337700DFB755 /* LaunchScreen.storyboard */,
				1FF348A32318337700DFB755 /* Info.plist */,
				1FF348AD231837B900DFB755 /* Project38.xcdatamodeld */,
			);
			path = GitHubCommits;
			sourceTree = "<group>";
		};
/* End PBXGroup section */

/* Begin PBXNativeTarget section */
		1FF348932318337600DFB755 /* GitHubCommits */ = {
			isa = PBXNativeTarget;
			buildConfigurationList = 1FF348A62318337700DFB755 /* Build configuration list for PBXNativeTarget "GitHubCommits" */;
			buildPhases = (
				1FF348902318337600DFB755 /* Sources */,
				1FF348912318337600DFB755 /* Frameworks */,
				1FF348922318337600DFB755 /* Resources */,
			);
			buildRules = (
			);
			dependencies = (
			);
			name = GitHubCommits;
			productName = GitHubCommits;
			productReference = 1FF348942318337600DFB755 /* GitHubCommits.app */;
			productType = "com.apple.product-type.application";
		};
/* End PBXNativeTarget section */

/* Begin PBXProject section */
		1FF3488C2318337600DFB755 /* Project object */ = {
			isa = PBXProject;
			attributes = {
				LastSwiftUpdateCheck = 1030;
				LastUpgradeCheck = 1030;
				ORGANIZATIONNAME = Mr.Kevin;
				TargetAttributes = {
					1FF348932318337600DFB755 = {
						CreatedOnToolsVersion = 10.3;
					};
				};
			};
			buildConfigurationList = 1FF3488F2318337600DFB755 /* Build configuration list for PBXProject "GitHubCommits" */;
			compatibilityVersion = "Xcode 9.3";
			developmentRegion = en;
			hasScannedForEncodings = 0;
			knownRegions = (
				en,
				Base,
			);
			mainGroup = 1FF3488B2318337600DFB755;
			productRefGroup = 1FF348952318337600DFB755 /* Products */;
			projectDirPath = "";
			projectRoot = "";
			targets = (
				1FF348932318337600DFB755 /* GitHubCommits */,
			);
		};
/* End PBXProject section */

/* Begin PBXResourcesBuildPhase section */
		1FF348922318337600DFB755 /* Resources */ = {
			isa = PBXResourcesBuildPhase;
			buildActionMask = 2147483647;
			files = (
				1FF348A22318337700DFB755 /* LaunchScreen.storyboard in Resources */,
				1FF3489F2318337700DFB755 /* Assets.xcassets in Resources */,
				1FF3489D2318337600DFB755 /* Main.storyboard in Resources */,
			);
			runOnlyForDeploymentPostprocessing = 0;
		};
/* End PBXResourcesBuildPhase section */

/* Begin PBXSourcesBuildPhase section */
		1FF348902318337600DFB755 /* Sources */ = {
			isa = PBXSourcesBuildPhase;
			buildActionMask = 2147483647;
			files = (
				1FFEEB4423192DB500A38861 /* Author+CoreDataProperties.swift in Sources */,
				1FCCC0F42319971E0026F33E /* AuthorCommitsTableViewController.swift in Sources */,
				1FFEEB4623192DB500A38861 /* Commit+CoreDataProperties.swift in Sources */,
				1FFEEB4323192DB500A38861 /* Author+CoreDataClass.swift in Sources */,
				1FFEEB4523192DB500A38861 /* Commit+CoreDataClass.swift in Sources */,
				1FF348AA231833FB00DFB755 /* SwiftyJSON.swift in Sources */,
				1FF348AF231837B900DFB755 /* Project38.xcdatamodeld in Sources */,
				1FF3489A2318337600DFB755 /* ViewController.swift in Sources */,
				1FF348982318337600DFB755 /* AppDelegate.swift in Sources */,
				1FF348AC2318359000DFB755 /* DetailViewController.swift in Sources */,
			);
			runOnlyForDeploymentPostprocessing = 0;
		};
/* End PBXSourcesBuildPhase section */

/* Begin PBXVariantGroup section */
		1FF3489B2318337600DFB755 /* Main.storyboard */ = {
			isa = PBXVariantGroup;
			children = (
				1FF3489C2318337600DFB755 /* Base */,
			);
			name = Main.storyboard;
			sourceTree = "<group>";
		};
		1FF348A02318337700DFB755 /* LaunchScreen.storyboard */ = {
			isa = PBXVariantGroup;
			children = (
				1FF348A12318337700DFB755 /* Base */,
			);
			name = LaunchScreen.storyboard;
			sourceTree = "<group>";
		};
/* End PBXVariantGroup section */

/* Begin XCBuildConfiguration section */
		1FF348A42318337700DFB755 /* Debug */ = {
			isa = XCBuildConfiguration;
			buildSettings = {
				ALWAYS_SEARCH_USER_PATHS = NO;
				CLANG_ANALYZER_NONNULL = YES;
				CLANG_ANALYZER_NUMBER_OBJECT_CONVERSION = YES_AGGRESSIVE;
				CLANG_CXX_LANGUAGE_STANDARD = "gnu++14";
				CLANG_CXX_LIBRARY = "libc++";
				CLANG_ENABLE_MODULES = YES;
				CLANG_ENABLE_OBJC_ARC = YES;
				CLANG_ENABLE_OBJC_WEAK = YES;
				CLANG_WARN_BLOCK_CAPTURE_AUTORELEASING = YES;
				CLANG_WARN_BOOL_CONVERSION = YES;
				CLANG_WARN_COMMA = YES;
				CLANG_WARN_CONSTANT_CONVERSION = YES;
				CLANG_WARN_DEPRECATED_OBJC_IMPLEMENTATIONS = YES;
				CLANG_WARN_DIRECT_OBJC_ISA_USAGE = YES_ERROR;
				CLANG_WARN_DOCUMENTATION_COMMENTS = YES;
				CLANG_WARN_EMPTY_BODY = YES;
				CLANG_WARN_ENUM_CONVERSION = YES;
				CLANG_WARN_INFINITE_RECURSION = YES;
				CLANG_WARN_INT_CONVERSION = YES;
				CLANG_WARN_NON_LITERAL_NULL_CONVERSION = YES;
				CLANG_WARN_OBJC_IMPLICIT_RETAIN_SELF = YES;
				CLANG_WARN_OBJC_LITERAL_CONVERSION = YES;
				CLANG_WARN_OBJC_ROOT_CLASS = YES_ERROR;
				CLANG_WARN_RANGE_LOOP_ANALYSIS = YES;
				CLANG_WARN_STRICT_PROTOTYPES = YES;
				CLANG_WARN_SUSPICIOUS_MOVE = YES;
				CLANG_WARN_UNGUARDED_AVAILABILITY = YES_AGGRESSIVE;
				CLANG_WARN_UNREACHABLE_CODE = YES;
				CLANG_WARN__DUPLICATE_METHOD_MATCH = YES;
				CODE_SIGN_IDENTITY = "iPhone Developer";
				COPY_PHASE_STRIP = NO;
				DEBUG_INFORMATION_FORMAT = dwarf;
				ENABLE_STRICT_OBJC_MSGSEND = YES;
				ENABLE_TESTABILITY = YES;
				GCC_C_LANGUAGE_STANDARD = gnu11;
				GCC_DYNAMIC_NO_PIC = NO;
				GCC_NO_COMMON_BLOCKS = YES;
				GCC_OPTIMIZATION_LEVEL = 0;
				GCC_PREPROCESSOR_DEFINITIONS = (
					"DEBUG=1",
					"$(inherited)",
				);
				GCC_WARN_64_TO_32_BIT_CONVERSION = YES;
				GCC_WARN_ABOUT_RETURN_TYPE = YES_ERROR;
				GCC_WARN_UNDECLARED_SELECTOR = YES;
				GCC_WARN_UNINITIALIZED_AUTOS = YES_AGGRESSIVE;
				GCC_WARN_UNUSED_FUNCTION = YES;
				GCC_WARN_UNUSED_VARIABLE = YES;
				IPHONEOS_DEPLOYMENT_TARGET = 12.4;
				MTL_ENABLE_DEBUG_INFO = INCLUDE_SOURCE;
				MTL_FAST_MATH = YES;
				ONLY_ACTIVE_ARCH = YES;
				SDKROOT = iphoneos;
				SWIFT_ACTIVE_COMPILATION_CONDITIONS = DEBUG;
				SWIFT_OPTIMIZATION_LEVEL = "-Onone";
			};
			name = Debug;
		};
		1FF348A52318337700DFB755 /* Release */ = {
			isa = XCBuildConfiguration;
			buildSettings = {
				ALWAYS_SEARCH_USER_PATHS = NO;
				CLANG_ANALYZER_NONNULL = YES;
				CLANG_ANALYZER_NUMBER_OBJECT_CONVERSION = YES_AGGRESSIVE;
				CLANG_CXX_LANGUAGE_STANDARD = "gnu++14";
				CLANG_CXX_LIBRARY = "libc++";
				CLANG_ENABLE_MODULES = YES;
				CLANG_ENABLE_OBJC_ARC = YES;
				CLANG_ENABLE_OBJC_WEAK = YES;
				CLANG_WARN_BLOCK_CAPTURE_AUTORELEASING = YES;
				CLANG_WARN_BOOL_CONVERSION = YES;
				CLANG_WARN_COMMA = YES;
				CLANG_WARN_CONSTANT_CONVERSION = YES;
				CLANG_WARN_DEPRECATED_OBJC_IMPLEMENTATIONS = YES;
				CLANG_WARN_DIRECT_OBJC_ISA_USAGE = YES_ERROR;
				CLANG_WARN_DOCUMENTATION_COMMENTS = YES;
				CLANG_WARN_EMPTY_BODY = YES;
				CLANG_WARN_ENUM_CONVERSION = YES;
				CLANG_WARN_INFINITE_RECURSION = YES;
				CLANG_WARN_INT_CONVERSION = YES;
				CLANG_WARN_NON_LITERAL_NULL_CONVERSION = YES;
				CLANG_WARN_OBJC_IMPLICIT_RETAIN_SELF = YES;
				CLANG_WARN_OBJC_LITERAL_CONVERSION = YES;
				CLANG_WARN_OBJC_ROOT_CLASS = YES_ERROR;
				CLANG_WARN_RANGE_LOOP_ANALYSIS = YES;
				CLANG_WARN_STRICT_PROTOTYPES = YES;
				CLANG_WARN_SUSPICIOUS_MOVE = YES;
				CLANG_WARN_UNGUARDED_AVAILABILITY = YES_AGGRESSIVE;
				CLANG_WARN_UNREACHABLE_CODE = YES;
				CLANG_WARN__DUPLICATE_METHOD_MATCH = YES;
				CODE_SIGN_IDENTITY = "iPhone Developer";
				COPY_PHASE_STRIP = NO;
				DEBUG_INFORMATION_FORMAT = "dwarf-with-dsym";
				ENABLE_NS_ASSERTIONS = NO;
				ENABLE_STRICT_OBJC_MSGSEND = YES;
				GCC_C_LANGUAGE_STANDARD = gnu11;
				GCC_NO_COMMON_BLOCKS = YES;
				GCC_WARN_64_TO_32_BIT_CONVERSION = YES;
				GCC_WARN_ABOUT_RETURN_TYPE = YES_ERROR;
				GCC_WARN_UNDECLARED_SELECTOR = YES;
				GCC_WARN_UNINITIALIZED_AUTOS = YES_AGGRESSIVE;
				GCC_WARN_UNUSED_FUNCTION = YES;
				GCC_WARN_UNUSED_VARIABLE = YES;
				IPHONEOS_DEPLOYMENT_TARGET = 12.4;
				MTL_ENABLE_DEBUG_INFO = NO;
				MTL_FAST_MATH = YES;
				SDKROOT = iphoneos;
				SWIFT_COMPILATION_MODE = wholemodule;
				SWIFT_OPTIMIZATION_LEVEL = "-O";
				VALIDATE_PRODUCT = YES;
			};
			name = Release;
		};
		1FF348A72318337700DFB755 /* Debug */ = {
			isa = XCBuildConfiguration;
			buildSettings = {
				ASSETCATALOG_COMPILER_APPICON_NAME = AppIcon;
				CODE_SIGN_STYLE = Automatic;
				INFOPLIST_FILE = GitHubCommits/Info.plist;
				LD_RUNPATH_SEARCH_PATHS = (
					"$(inherited)",
					"@executable_path/Frameworks",
				);
				PRODUCT_BUNDLE_IDENTIFIER = com.kevin.GitHubCommits;
				PRODUCT_NAME = "$(TARGET_NAME)";
				SWIFT_VERSION = 5.0;
				TARGETED_DEVICE_FAMILY = "1,2";
			};
			name = Debug;
		};
		1FF348A82318337700DFB755 /* Release */ = {
			isa = XCBuildConfiguration;
			buildSettings = {
				ASSETCATALOG_COMPILER_APPICON_NAME = AppIcon;
				CODE_SIGN_STYLE = Automatic;
				INFOPLIST_FILE = GitHubCommits/Info.plist;
				LD_RUNPATH_SEARCH_PATHS = (
					"$(inherited)",
					"@executable_path/Frameworks",
				);
				PRODUCT_BUNDLE_IDENTIFIER = com.kevin.GitHubCommits;
				PRODUCT_NAME = "$(TARGET_NAME)";
				SWIFT_VERSION = 5.0;
				TARGETED_DEVICE_FAMILY = "1,2";
			};
			name = Release;
		};
/* End XCBuildConfiguration section */

/* Begin XCConfigurationList section */
		1FF3488F2318337600DFB755 /* Build configuration list for PBXProject "GitHubCommits" */ = {
			isa = XCConfigurationList;
			buildConfigurations = (
				1FF348A42318337700DFB755 /* Debug */,
				1FF348A52318337700DFB755 /* Release */,
			);
			defaultConfigurationIsVisible = 0;
			defaultConfigurationName = Release;
		};
		1FF348A62318337700DFB755 /* Build configuration list for PBXNativeTarget "GitHubCommits" */ = {
			isa = XCConfigurationList;
			buildConfigurations = (
				1FF348A72318337700DFB755 /* Debug */,
				1FF348A82318337700DFB755 /* Release */,
			);
			defaultConfigurationIsVisible = 0;
			defaultConfigurationName = Release;
		};
/* End XCConfigurationList section */

/* Begin XCVersionGroup section */
		1FF348AD231837B900DFB755 /* Project38.xcdatamodeld */ = {
			isa = XCVersionGroup;
			children = (
				1FF348AE231837B900DFB755 /* Project38.xcdatamodel */,
			);
			currentVersion = 1FF348AE231837B900DFB755 /* Project38.xcdatamodel */;
			path = Project38.xcdatamodeld;
			sourceTree = "<group>";
			versionGroupType = wrapper.xcdatamodel;
		};
/* End XCVersionGroup section */
	};
	rootObject = 1FF3488C2318337600DFB755 /* Project object */;
}
