// !$*UTF8*$!
{
	archiveVersion = 1;
	classes = {
	};
	objectVersion = 50;
	objects = {

/* Begin PBXBuildFile section */
		1FBC47FF23154438009F117A /* AppDelegate.swift in Sources */ = {isa = PBXBuildFile; fileRef = 1FBC47FE23154438009F117A /* AppDelegate.swift */; };
		1FBC480123154438009F117A /* ViewController.swift in Sources */ = {isa = PBXBuildFile; fileRef = 1FBC480023154438009F117A /* ViewController.swift */; };
		1FBC480423154438009F117A /* Main.storyboard in Resources */ = {isa = PBXBuildFile; fileRef = 1FBC480223154438009F117A /* Main.storyboard */; };
		1FBC480623154439009F117A /* Assets.xcassets in Resources */ = {isa = PBXBuildFile; fileRef = 1FBC480523154439009F117A /* Assets.xcassets */; };
		1FBC480923154439009F117A /* LaunchScreen.storyboard in Resources */ = {isa = PBXBuildFile; fileRef = 1FBC480723154439009F117A /* LaunchScreen.storyboard */; };
		1FBC481123154879009F117A /* Board.swift in Sources */ = {isa = PBXBuildFile; fileRef = 1FBC481023154879009F117A /* Board.swift */; };
		1FCDE9362315B15300B8D2BA /* Player.swift in Sources */ = {isa = PBXBuildFile; fileRef = 1FCDE9352315B15300B8D2BA /* Player.swift */; };
		1FCDE9382315BD1B00B8D2BA /* Move.swift in Sources */ = {isa = PBXBuildFile; fileRef = 1FCDE9372315BD1B00B8D2BA /* Move.swift */; };
/* End PBXBuildFile section */

/* Begin PBXFileReference section */
		1FBC47FB23154438009F117A /* Four-in-a-Row.app */ = {isa = PBXFileReference; explicitFileType = wrapper.application; includeInIndex = 0; path = "Four-in-a-Row.app"; sourceTree = BUILT_PRODUCTS_DIR; };
		1FBC47FE23154438009F117A /* AppDelegate.swift */ = {isa = PBXFileReference; lastKnownFileType = sourcecode.swift; path = AppDelegate.swift; sourceTree = "<group>"; };
		1FBC480023154438009F117A /* ViewController.swift */ = {isa = PBXFileReference; lastKnownFileType = sourcecode.swift; path = ViewController.swift; sourceTree = "<group>"; };
		1FBC480323154438009F117A /* Base */ = {isa = PBXFileReference; lastKnownFileType = file.storyboard; name = Base; path = Base.lproj/Main.storyboard; sourceTree = "<group>"; };
		1FBC480523154439009F117A /* Assets.xcassets */ = {isa = PBXFileReference; lastKnownFileType = folder.assetcatalog; path = Assets.xcassets; sourceTree = "<group>"; };
		1FBC480823154439009F117A /* Base */ = {isa = PBXFileReference; lastKnownFileType = file.storyboard; name = Base; path = Base.lproj/LaunchScreen.storyboard; sourceTree = "<group>"; };
		1FBC480A23154439009F117A /* Info.plist */ = {isa = PBXFileReference; lastKnownFileType = text.plist.xml; path = Info.plist; sourceTree = "<group>"; };
		1FBC481023154879009F117A /* Board.swift */ = {isa = PBXFileReference; lastKnownFileType = sourcecode.swift; path = Board.swift; sourceTree = "<group>"; };
		1FCDE9352315B15300B8D2BA /* Player.swift */ = {isa = PBXFileReference; lastKnownFileType = sourcecode.swift; path = Player.swift; sourceTree = "<group>"; };
		1FCDE9372315BD1B00B8D2BA /* Move.swift */ = {isa = PBXFileReference; lastKnownFileType = sourcecode.swift; path = Move.swift; sourceTree = "<group>"; };
/* End PBXFileReference section */

/* Begin PBXFrameworksBuildPhase section */
		1FBC47F823154438009F117A /* Frameworks */ = {
			isa = PBXFrameworksBuildPhase;
			buildActionMask = 2147483647;
			files = (
			);
			runOnlyForDeploymentPostprocessing = 0;
		};
/* End PBXFrameworksBuildPhase section */

/* Begin PBXGroup section */
		1FBC47F223154438009F117A = {
			isa = PBXGroup;
			children = (
				1FBC47FD23154438009F117A /* Four-in-a-Row */,
				1FBC47FC23154438009F117A /* Products */,
			);
			sourceTree = "<group>";
		};
		1FBC47FC23154438009F117A /* Products */ = {
			isa = PBXGroup;
			children = (
				1FBC47FB23154438009F117A /* Four-in-a-Row.app */,
			);
			name = Products;
			sourceTree = "<group>";
		};
		1FBC47FD23154438009F117A /* Four-in-a-Row */ = {
			isa = PBXGroup;
			children = (
				1FBC47FE23154438009F117A /* AppDelegate.swift */,
				1FBC480023154438009F117A /* ViewController.swift */,
				1FBC481023154879009F117A /* Board.swift */,
				1FCDE9352315B15300B8D2BA /* Player.swift */,
				1FCDE9372315BD1B00B8D2BA /* Move.swift */,
				1FBC480223154438009F117A /* Main.storyboard */,
				1FBC480523154439009F117A /* Assets.xcassets */,
				1FBC480723154439009F117A /* LaunchScreen.storyboard */,
				1FBC480A23154439009F117A /* Info.plist */,
			);
			path = "Four-in-a-Row";
			sourceTree = "<group>";
		};
/* End PBXGroup section */

/* Begin PBXNativeTarget section */
		1FBC47FA23154438009F117A /* Four-in-a-Row */ = {
			isa = PBXNativeTarget;
			buildConfigurationList = 1FBC480D23154439009F117A /* Build configuration list for PBXNativeTarget "Four-in-a-Row" */;
			buildPhases = (
				1FBC47F723154438009F117A /* Sources */,
				1FBC47F823154438009F117A /* Frameworks */,
				1FBC47F923154438009F117A /* Resources */,
			);
			buildRules = (
			);
			dependencies = (
			);
			name = "Four-in-a-Row";
			productName = "Four-in-a-Row";
			productReference = 1FBC47FB23154438009F117A /* Four-in-a-Row.app */;
			productType = "com.apple.product-type.application";
		};
/* End PBXNativeTarget section */

/* Begin PBXProject section */
		1FBC47F323154438009F117A /* Project object */ = {
			isa = PBXProject;
			attributes = {
				LastSwiftUpdateCheck = 1030;
				LastUpgradeCheck = 1030;
				ORGANIZATIONNAME = Mr.Kevin;
				TargetAttributes = {
					1FBC47FA23154438009F117A = {
						CreatedOnToolsVersion = 10.3;
					};
				};
			};
			buildConfigurationList = 1FBC47F623154438009F117A /* Build configuration list for PBXProject "Four-in-a-Row" */;
			compatibilityVersion = "Xcode 9.3";
			developmentRegion = en;
			hasScannedForEncodings = 0;
			knownRegions = (
				en,
				Base,
			);
			mainGroup = 1FBC47F223154438009F117A;
			productRefGroup = 1FBC47FC23154438009F117A /* Products */;
			projectDirPath = "";
			projectRoot = "";
			targets = (
				1FBC47FA23154438009F117A /* Four-in-a-Row */,
			);
		};
/* End PBXProject section */

/* Begin PBXResourcesBuildPhase section */
		1FBC47F923154438009F117A /* Resources */ = {
			isa = PBXResourcesBuildPhase;
			buildActionMask = 2147483647;
			files = (
				1FBC480923154439009F117A /* LaunchScreen.storyboard in Resources */,
				1FBC480623154439009F117A /* Assets.xcassets in Resources */,
				1FBC480423154438009F117A /* Main.storyboard in Resources */,
			);
			runOnlyForDeploymentPostprocessing = 0;
		};
/* End PBXResourcesBuildPhase section */

/* Begin PBXSourcesBuildPhase section */
		1FBC47F723154438009F117A /* Sources */ = {
			isa = PBXSourcesBuildPhase;
			buildActionMask = 2147483647;
			files = (
				1FCDE9382315BD1B00B8D2BA /* Move.swift in Sources */,
				1FCDE9362315B15300B8D2BA /* Player.swift in Sources */,
				1FBC480123154438009F117A /* ViewController.swift in Sources */,
				1FBC47FF23154438009F117A /* AppDelegate.swift in Sources */,
				1FBC481123154879009F117A /* Board.swift in Sources */,
			);
			runOnlyForDeploymentPostprocessing = 0;
		};
/* End PBXSourcesBuildPhase section */

/* Begin PBXVariantGroup section */
		1FBC480223154438009F117A /* Main.storyboard */ = {
			isa = PBXVariantGroup;
			children = (
				1FBC480323154438009F117A /* Base */,
			);
			name = Main.storyboard;
			sourceTree = "<group>";
		};
		1FBC480723154439009F117A /* LaunchScreen.storyboard */ = {
			isa = PBXVariantGroup;
			children = (
				1FBC480823154439009F117A /* Base */,
			);
			name = LaunchScreen.storyboard;
			sourceTree = "<group>";
		};
/* End PBXVariantGroup section */

/* Begin XCBuildConfiguration section */
		1FBC480B23154439009F117A /* Debug */ = {
			isa = XCBuildConfiguration;
			buildSettings = {
				ALWAYS_SEARCH_USER_PATHS = NO;
				CLANG_ANALYZER_NONNULL = YES;
				CLANG_ANALYZER_NUMBER_OBJECT_CONVERSION = YES_AGGRESSIVE;
				CLANG_CXX_LANGUAGE_STANDARD = "gnu++14";
				CLANG_CXX_LIBRARY = "libc++";
				CLANG_ENABLE_MODULES = YES;
				CLANG_ENABLE_OBJC_ARC = YES;
				CLANG_ENABLE_OBJC_WEAK = YES;
				CLANG_WARN_BLOCK_CAPTURE_AUTORELEASING = YES;
				CLANG_WARN_BOOL_CONVERSION = YES;
				CLANG_WARN_COMMA = YES;
				CLANG_WARN_CONSTANT_CONVERSION = YES;
				CLANG_WARN_DEPRECATED_OBJC_IMPLEMENTATIONS = YES;
				CLANG_WARN_DIRECT_OBJC_ISA_USAGE = YES_ERROR;
				CLANG_WARN_DOCUMENTATION_COMMENTS = YES;
				CLANG_WARN_EMPTY_BODY = YES;
				CLANG_WARN_ENUM_CONVERSION = YES;
				CLANG_WARN_INFINITE_RECURSION = YES;
				CLANG_WARN_INT_CONVERSION = YES;
				CLANG_WARN_NON_LITERAL_NULL_CONVERSION = YES;
				CLANG_WARN_OBJC_IMPLICIT_RETAIN_SELF = YES;
				CLANG_WARN_OBJC_LITERAL_CONVERSION = YES;
				CLANG_WARN_OBJC_ROOT_CLASS = YES_ERROR;
				CLANG_WARN_RANGE_LOOP_ANALYSIS = YES;
				CLANG_WARN_STRICT_PROTOTYPES = YES;
				CLANG_WARN_SUSPICIOUS_MOVE = YES;
				CLANG_WARN_UNGUARDED_AVAILABILITY = YES_AGGRESSIVE;
				CLANG_WARN_UNREACHABLE_CODE = YES;
				CLANG_WARN__DUPLICATE_METHOD_MATCH = YES;
				CODE_SIGN_IDENTITY = "iPhone Developer";
				COPY_PHASE_STRIP = NO;
				DEBUG_INFORMATION_FORMAT = dwarf;
				ENABLE_STRICT_OBJC_MSGSEND = YES;
				ENABLE_TESTABILITY = YES;
				GCC_C_LANGUAGE_STANDARD = gnu11;
				GCC_DYNAMIC_NO_PIC = NO;
				GCC_NO_COMMON_BLOCKS = YES;
				GCC_OPTIMIZATION_LEVEL = 0;
				GCC_PREPROCESSOR_DEFINITIONS = (
					"DEBUG=1",
					"$(inherited)",
				);
				GCC_WARN_64_TO_32_BIT_CONVERSION = YES;
				GCC_WARN_ABOUT_RETURN_TYPE = YES_ERROR;
				GCC_WARN_UNDECLARED_SELECTOR = YES;
				GCC_WARN_UNINITIALIZED_AUTOS = YES_AGGRESSIVE;
				GCC_WARN_UNUSED_FUNCTION = YES;
				GCC_WARN_UNUSED_VARIABLE = YES;
				IPHONEOS_DEPLOYMENT_TARGET = 12.4;
				MTL_ENABLE_DEBUG_INFO = INCLUDE_SOURCE;
				MTL_FAST_MATH = YES;
				ONLY_ACTIVE_ARCH = YES;
				SDKROOT = iphoneos;
				SWIFT_ACTIVE_COMPILATION_CONDITIONS = DEBUG;
				SWIFT_OPTIMIZATION_LEVEL = "-Onone";
			};
			name = Debug;
		};
		1FBC480C23154439009F117A /* Release */ = {
			isa = XCBuildConfiguration;
			buildSettings = {
				ALWAYS_SEARCH_USER_PATHS = NO;
				CLANG_ANALYZER_NONNULL = YES;
				CLANG_ANALYZER_NUMBER_OBJECT_CONVERSION = YES_AGGRESSIVE;
				CLANG_CXX_LANGUAGE_STANDARD = "gnu++14";
				CLANG_CXX_LIBRARY = "libc++";
				CLANG_ENABLE_MODULES = YES;
				CLANG_ENABLE_OBJC_ARC = YES;
				CLANG_ENABLE_OBJC_WEAK = YES;
				CLANG_WARN_BLOCK_CAPTURE_AUTORELEASING = YES;
				CLANG_WARN_BOOL_CONVERSION = YES;
				CLANG_WARN_COMMA = YES;
				CLANG_WARN_CONSTANT_CONVERSION = YES;
				CLANG_WARN_DEPRECATED_OBJC_IMPLEMENTATIONS = YES;
				CLANG_WARN_DIRECT_OBJC_ISA_USAGE = YES_ERROR;
				CLANG_WARN_DOCUMENTATION_COMMENTS = YES;
				CLANG_WARN_EMPTY_BODY = YES;
				CLANG_WARN_ENUM_CONVERSION = YES;
				CLANG_WARN_INFINITE_RECURSION = YES;
				CLANG_WARN_INT_CONVERSION = YES;
				CLANG_WARN_NON_LITERAL_NULL_CONVERSION = YES;
				CLANG_WARN_OBJC_IMPLICIT_RETAIN_SELF = YES;
				CLANG_WARN_OBJC_LITERAL_CONVERSION = YES;
				CLANG_WARN_OBJC_ROOT_CLASS = YES_ERROR;
				CLANG_WARN_RANGE_LOOP_ANALYSIS = YES;
				CLANG_WARN_STRICT_PROTOTYPES = YES;
				CLANG_WARN_SUSPICIOUS_MOVE = YES;
				CLANG_WARN_UNGUARDED_AVAILABILITY = YES_AGGRESSIVE;
				CLANG_WARN_UNREACHABLE_CODE = YES;
				CLANG_WARN__DUPLICATE_METHOD_MATCH = YES;
				CODE_SIGN_IDENTITY = "iPhone Developer";
				COPY_PHASE_STRIP = NO;
				DEBUG_INFORMATION_FORMAT = "dwarf-with-dsym";
				ENABLE_NS_ASSERTIONS = NO;
				ENABLE_STRICT_OBJC_MSGSEND = YES;
				GCC_C_LANGUAGE_STANDARD = gnu11;
				GCC_NO_COMMON_BLOCKS = YES;
				GCC_WARN_64_TO_32_BIT_CONVERSION = YES;
				GCC_WARN_ABOUT_RETURN_TYPE = YES_ERROR;
				GCC_WARN_UNDECLARED_SELECTOR = YES;
				GCC_WARN_UNINITIALIZED_AUTOS = YES_AGGRESSIVE;
				GCC_WARN_UNUSED_FUNCTION = YES;
				GCC_WARN_UNUSED_VARIABLE = YES;
				IPHONEOS_DEPLOYMENT_TARGET = 12.4;
				MTL_ENABLE_DEBUG_INFO = NO;
				MTL_FAST_MATH = YES;
				SDKROOT = iphoneos;
				SWIFT_COMPILATION_MODE = wholemodule;
				SWIFT_OPTIMIZATION_LEVEL = "-O";
				VALIDATE_PRODUCT = YES;
			};
			name = Release;
		};
		1FBC480E23154439009F117A /* Debug */ = {
			isa = XCBuildConfiguration;
			buildSettings = {
				ASSETCATALOG_COMPILER_APPICON_NAME = AppIcon;
				CODE_SIGN_STYLE = Automatic;
				DEVELOPMENT_TEAM = "";
				INFOPLIST_FILE = "Four-in-a-Row/Info.plist";
				LD_RUNPATH_SEARCH_PATHS = (
					"$(inherited)",
					"@executable_path/Frameworks",
				);
				PRODUCT_BUNDLE_IDENTIFIER = "com.kevin.Four-in-a-Row";
				PRODUCT_NAME = "$(TARGET_NAME)";
				SWIFT_VERSION = 5.0;
				TARGETED_DEVICE_FAMILY = 2;
			};
			name = Debug;
		};
		1FBC480F23154439009F117A /* Release */ = {
			isa = XCBuildConfiguration;
			buildSettings = {
				ASSETCATALOG_COMPILER_APPICON_NAME = AppIcon;
				CODE_SIGN_STYLE = Automatic;
				DEVELOPMENT_TEAM = "";
				INFOPLIST_FILE = "Four-in-a-Row/Info.plist";
				LD_RUNPATH_SEARCH_PATHS = (
					"$(inherited)",
					"@executable_path/Frameworks",
				);
				PRODUCT_BUNDLE_IDENTIFIER = "com.kevin.Four-in-a-Row";
				PRODUCT_NAME = "$(TARGET_NAME)";
				SWIFT_VERSION = 5.0;
				TARGETED_DEVICE_FAMILY = 2;
			};
			name = Release;
		};
/* End XCBuildConfiguration section */

/* Begin XCConfigurationList section */
		1FBC47F623154438009F117A /* Build configuration list for PBXProject "Four-in-a-Row" */ = {
			isa = XCConfigurationList;
			buildConfigurations = (
				1FBC480B23154439009F117A /* Debug */,
				1FBC480C23154439009F117A /* Release */,
			);
			defaultConfigurationIsVisible = 0;
			defaultConfigurationName = Release;
		};
		1FBC480D23154439009F117A /* Build configuration list for PBXNativeTarget "Four-in-a-Row" */ = {
			isa = XCConfigurationList;
			buildConfigurations = (
				1FBC480E23154439009F117A /* Debug */,
				1FBC480F23154439009F117A /* Release */,
			);
			defaultConfigurationIsVisible = 0;
			defaultConfigurationName = Release;
		};
/* End XCConfigurationList section */
	};
	rootObject = 1FBC47F323154438009F117A /* Project object */;
}
